
Microsoft Visual Studio Solution File, Format Version 12.00
# Visual Studio Version 16
VisualStudioVersion = 16.0.30114.105
MinimumVisualStudioVersion = 10.0.40219.1
Project("{9A19103F-16F7-4668-BE54-9A1E7A4F7556}") = "R5T.F0008", "R5T.F0008\R5T.F0008.csproj", "{11738FF1-744A-4D94-B50D-085C3DE41601}"
EndProject
Project("{2150E333-8FDC-42A3-9474-1A3956D46DE8}") = "_Dependencies", "_Dependencies", "{5DE9C2A8-8484-4222-A327-40E8C29C793B}"
EndProject
Project("{9A19103F-16F7-4668-BE54-9A1E7A4F7556}") = "R5T.B0006.X0005", "..\..\R5T.B0006.X0005\source\R5T.B0006.X0005\R5T.B0006.X0005.csproj", "{8DBB3956-D3D7-4B99-9B68-4F6CA6817782}"
EndProject
Project("{9A19103F-16F7-4668-BE54-9A1E7A4F7556}") = "R5T.X0007", "..\..\R5T.X0007\source\R5T.X0007\R5T.X0007.csproj", "{40ABA3F8-E307-4073-96FC-70ED7C417582}"
EndProject
Project("{9A19103F-16F7-4668-BE54-9A1E7A4F7556}") = "R5T.B0006", "..\..\R5T.B0006\source\R5T.B0006\R5T.B0006.csproj", "{15A10270-A88B-45A7-84FA-E7031E18F284}"
EndProject
Project("{9A19103F-16F7-4668-BE54-9A1E7A4F7556}") = "R5T.T0039.T002", "..\..\R5T.T0039\source\R5T.T0039.T002\R5T.T0039.T002.csproj", "{AF1C12B2-CADD-44F7-9AC8-0E652CF51150}"
EndProject
Project("{9A19103F-16F7-4668-BE54-9A1E7A4F7556}") = "R5T.Z0003", "..\..\R5T.Z0003\source\R5T.Z0003\R5T.Z0003.csproj", "{B7AA995F-30E6-429B-8E2C-0F3BC590E168}"
EndProject
Project("{9A19103F-16F7-4668-BE54-9A1E7A4F7556}") = "R5T.T0131", "..\..\R5T.T0131\source\R5T.T0131\R5T.T0131.csproj", "{7D65CF12-115E-47F5-97ED-69DDC2D21F67}"
EndProject
Project("{9A19103F-16F7-4668-BE54-9A1E7A4F7556}") = "R5T.B0006.X0001", "..\..\R5T.B0006.X0001\source\R5T.B0006.X0001\R5T.B0006.X0001.csproj", "{BEE4631D-7941-473D-A875-39803B29C919}"
EndProject
Project("{9A19103F-16F7-4668-BE54-9A1E7A4F7556}") = "R5T.F0004", "..\..\R5T.F0004\source\R5T.F0004\R5T.F0004.csproj", "{46B0501D-5764-4BAF-B202-E88E730DD4FA}"
EndProject
Project("{9A19103F-16F7-4668-BE54-9A1E7A4F7556}") = "R5T.L0011", "..\..\R5T.L0011\source\R5T.L0011\R5T.L0011.csproj", "{CC45EABE-E1C9-45BF-B943-37391911CA8D}"
EndProject
Project("{9A19103F-16F7-4668-BE54-9A1E7A4F7556}") = "R5T.T0132", "..\..\R5T.T0132\source\R5T.T0132\R5T.T0132.csproj", "{E2D78FF7-A0E2-409A-A3D4-B45A82E78143}"
EndProject
Project("{9A19103F-16F7-4668-BE54-9A1E7A4F7556}") = "R5T.B0006.X0002", "..\..\R5T.B0006.X0002\source\R5T.B0006.X0002\R5T.B0006.X0002.csproj", "{3A218EAB-A48F-4FA2-B448-565636179E87}"
EndProject
Project("{9A19103F-16F7-4668-BE54-9A1E7A4F7556}") = "R5T.F0005", "..\..\R5T.F0005\source\R5T.F0005\R5T.F0005.csproj", "{DCBBBE77-0AEC-4121-9257-B021B80E0D36}"
EndProject
Project("{9A19103F-16F7-4668-BE54-9A1E7A4F7556}") = "R5T.X0005", "..\..\R5T.X0005\source\R5T.X0005\R5T.X0005.csproj", "{D77F297B-BE8F-457A-8DF4-4A44AE58197D}"
EndProject
Project("{9A19103F-16F7-4668-BE54-9A1E7A4F7556}") = "R5T.F0003", "..\..\R5T.F0003\source\R5T.F0003\R5T.F0003.csproj", "{CE6DB80D-B20A-4AFB-9F17-F17E5B308759}"
EndProject
Global
	GlobalSection(SolutionConfigurationPlatforms) = preSolution
		Debug|Any CPU = Debug|Any CPU
		Debug|x64 = Debug|x64
		Debug|x86 = Debug|x86
		Release|Any CPU = Release|Any CPU
		Release|x64 = Release|x64
		Release|x86 = Release|x86
	EndGlobalSection
	GlobalSection(ProjectConfigurationPlatforms) = postSolution
		{11738FF1-744A-4D94-B50D-085C3DE41601}.Debug|Any CPU.ActiveCfg = Debug|Any CPU
		{11738FF1-744A-4D94-B50D-085C3DE41601}.Debug|Any CPU.Build.0 = Debug|Any CPU
		{11738FF1-744A-4D94-B50D-085C3DE41601}.Debug|x64.ActiveCfg = Debug|Any CPU
		{11738FF1-744A-4D94-B50D-085C3DE41601}.Debug|x64.Build.0 = Debug|Any CPU
		{11738FF1-744A-4D94-B50D-085C3DE41601}.Debug|x86.ActiveCfg = Debug|Any CPU
		{11738FF1-744A-4D94-B50D-085C3DE41601}.Debug|x86.Build.0 = Debug|Any CPU
		{11738FF1-744A-4D94-B50D-085C3DE41601}.Release|Any CPU.ActiveCfg = Release|Any CPU
		{11738FF1-744A-4D94-B50D-085C3DE41601}.Release|Any CPU.Build.0 = Release|Any CPU
		{11738FF1-744A-4D94-B50D-085C3DE41601}.Release|x64.ActiveCfg = Release|Any CPU
		{11738FF1-744A-4D94-B50D-085C3DE41601}.Release|x64.Build.0 = Release|Any CPU
		{11738FF1-744A-4D94-B50D-085C3DE41601}.Release|x86.ActiveCfg = Release|Any CPU
		{11738FF1-744A-4D94-B50D-085C3DE41601}.Release|x86.Build.0 = Release|Any CPU
		{8DBB3956-D3D7-4B99-9B68-4F6CA6817782}.Debug|Any CPU.ActiveCfg = Debug|Any CPU
		{8DBB3956-D3D7-4B99-9B68-4F6CA6817782}.Debug|Any CPU.Build.0 = Debug|Any CPU
		{8DBB3956-D3D7-4B99-9B68-4F6CA6817782}.Debug|x64.ActiveCfg = Debug|Any CPU
		{8DBB3956-D3D7-4B99-9B68-4F6CA6817782}.Debug|x64.Build.0 = Debug|Any CPU
		{8DBB3956-D3D7-4B99-9B68-4F6CA6817782}.Debug|x86.ActiveCfg = Debug|Any CPU
		{8DBB3956-D3D7-4B99-9B68-4F6CA6817782}.Debug|x86.Build.0 = Debug|Any CPU
		{8DBB3956-D3D7-4B99-9B68-4F6CA6817782}.Release|Any CPU.ActiveCfg = Release|Any CPU
		{8DBB3956-D3D7-4B99-9B68-4F6CA6817782}.Release|Any CPU.Build.0 = Release|Any CPU
		{8DBB3956-D3D7-4B99-9B68-4F6CA6817782}.Release|x64.ActiveCfg = Release|Any CPU
		{8DBB3956-D3D7-4B99-9B68-4F6CA6817782}.Release|x64.Build.0 = Release|Any CPU
		{8DBB3956-D3D7-4B99-9B68-4F6CA6817782}.Release|x86.ActiveCfg = Release|Any CPU
		{8DBB3956-D3D7-4B99-9B68-4F6CA6817782}.Release|x86.Build.0 = Release|Any CPU
		{40ABA3F8-E307-4073-96FC-70ED7C417582}.Debug|Any CPU.ActiveCfg = Debug|Any CPU
		{40ABA3F8-E307-4073-96FC-70ED7C417582}.Debug|Any CPU.Build.0 = Debug|Any CPU
		{40ABA3F8-E307-4073-96FC-70ED7C417582}.Debug|x64.ActiveCfg = Debug|Any CPU
		{40ABA3F8-E307-4073-96FC-70ED7C417582}.Debug|x64.Build.0 = Debug|Any CPU
		{40ABA3F8-E307-4073-96FC-70ED7C417582}.Debug|x86.ActiveCfg = Debug|Any CPU
		{40ABA3F8-E307-4073-96FC-70ED7C417582}.Debug|x86.Build.0 = Debug|Any CPU
		{40ABA3F8-E307-4073-96FC-70ED7C417582}.Release|Any CPU.ActiveCfg = Release|Any CPU
		{40ABA3F8-E307-4073-96FC-70ED7C417582}.Release|Any CPU.Build.0 = Release|Any CPU
		{40ABA3F8-E307-4073-96FC-70ED7C417582}.Release|x64.ActiveCfg = Release|Any CPU
		{40ABA3F8-E307-4073-96FC-70ED7C417582}.Release|x64.Build.0 = Release|Any CPU
		{40ABA3F8-E307-4073-96FC-70ED7C417582}.Release|x86.ActiveCfg = Release|Any CPU
		{40ABA3F8-E307-4073-96FC-70ED7C417582}.Release|x86.Build.0 = Release|Any CPU
		{15A10270-A88B-45A7-84FA-E7031E18F284}.Debug|Any CPU.ActiveCfg = Debug|Any CPU
		{15A10270-A88B-45A7-84FA-E7031E18F284}.Debug|Any CPU.Build.0 = Debug|Any CPU
		{15A10270-A88B-45A7-84FA-E7031E18F284}.Debug|x64.ActiveCfg = Debug|Any CPU
		{15A10270-A88B-45A7-84FA-E7031E18F284}.Debug|x64.Build.0 = Debug|Any CPU
		{15A10270-A88B-45A7-84FA-E7031E18F284}.Debug|x86.ActiveCfg = Debug|Any CPU
		{15A10270-A88B-45A7-84FA-E7031E18F284}.Debug|x86.Build.0 = Debug|Any CPU
		{15A10270-A88B-45A7-84FA-E7031E18F284}.Release|Any CPU.ActiveCfg = Release|Any CPU
		{15A10270-A88B-45A7-84FA-E7031E18F284}.Release|Any CPU.Build.0 = Release|Any CPU
		{15A10270-A88B-45A7-84FA-E7031E18F284}.Release|x64.ActiveCfg = Release|Any CPU
		{15A10270-A88B-45A7-84FA-E7031E18F284}.Release|x64.Build.0 = Release|Any CPU
		{15A10270-A88B-45A7-84FA-E7031E18F284}.Release|x86.ActiveCfg = Release|Any CPU
		{15A10270-A88B-45A7-84FA-E7031E18F284}.Release|x86.Build.0 = Release|Any CPU
		{AF1C12B2-CADD-44F7-9AC8-0E652CF51150}.Debug|Any CPU.ActiveCfg = Debug|Any CPU
		{AF1C12B2-CADD-44F7-9AC8-0E652CF51150}.Debug|Any CPU.Build.0 = Debug|Any CPU
		{AF1C12B2-CADD-44F7-9AC8-0E652CF51150}.Debug|x64.ActiveCfg = Debug|Any CPU
		{AF1C12B2-CADD-44F7-9AC8-0E652CF51150}.Debug|x64.Build.0 = Debug|Any CPU
		{AF1C12B2-CADD-44F7-9AC8-0E652CF51150}.Debug|x86.ActiveCfg = Debug|Any CPU
		{AF1C12B2-CADD-44F7-9AC8-0E652CF51150}.Debug|x86.Build.0 = Debug|Any CPU
		{AF1C12B2-CADD-44F7-9AC8-0E652CF51150}.Release|Any CPU.ActiveCfg = Release|Any CPU
		{AF1C12B2-CADD-44F7-9AC8-0E652CF51150}.Release|Any CPU.Build.0 = Release|Any CPU
		{AF1C12B2-CADD-44F7-9AC8-0E652CF51150}.Release|x64.ActiveCfg = Release|Any CPU
		{AF1C12B2-CADD-44F7-9AC8-0E652CF51150}.Release|x64.Build.0 = Release|Any CPU
		{AF1C12B2-CADD-44F7-9AC8-0E652CF51150}.Release|x86.ActiveCfg = Release|Any CPU
		{AF1C12B2-CADD-44F7-9AC8-0E652CF51150}.Release|x86.Build.0 = Release|Any CPU
		{B7AA995F-30E6-429B-8E2C-0F3BC590E168}.Debug|Any CPU.ActiveCfg = Debug|Any CPU
		{B7AA995F-30E6-429B-8E2C-0F3BC590E168}.Debug|Any CPU.Build.0 = Debug|Any CPU
		{B7AA995F-30E6-429B-8E2C-0F3BC590E168}.Debug|x64.ActiveCfg = Debug|Any CPU
		{B7AA995F-30E6-429B-8E2C-0F3BC590E168}.Debug|x64.Build.0 = Debug|Any CPU
		{B7AA995F-30E6-429B-8E2C-0F3BC590E168}.Debug|x86.ActiveCfg = Debug|Any CPU
		{B7AA995F-30E6-429B-8E2C-0F3BC590E168}.Debug|x86.Build.0 = Debug|Any CPU
		{B7AA995F-30E6-429B-8E2C-0F3BC590E168}.Release|Any CPU.ActiveCfg = Release|Any CPU
		{B7AA995F-30E6-429B-8E2C-0F3BC590E168}.Release|Any CPU.Build.0 = Release|Any CPU
		{B7AA995F-30E6-429B-8E2C-0F3BC590E168}.Release|x64.ActiveCfg = Release|Any CPU
		{B7AA995F-30E6-429B-8E2C-0F3BC590E168}.Release|x64.Build.0 = Release|Any CPU
		{B7AA995F-30E6-429B-8E2C-0F3BC590E168}.Release|x86.ActiveCfg = Release|Any CPU
		{B7AA995F-30E6-429B-8E2C-0F3BC590E168}.Release|x86.Build.0 = Release|Any CPU
		{7D65CF12-115E-47F5-97ED-69DDC2D21F67}.Debug|Any CPU.ActiveCfg = Debug|Any CPU
		{7D65CF12-115E-47F5-97ED-69DDC2D21F67}.Debug|Any CPU.Build.0 = Debug|Any CPU
		{7D65CF12-115E-47F5-97ED-69DDC2D21F67}.Debug|x64.ActiveCfg = Debug|Any CPU
		{7D65CF12-115E-47F5-97ED-69DDC2D21F67}.Debug|x64.Build.0 = Debug|Any CPU
		{7D65CF12-115E-47F5-97ED-69DDC2D21F67}.Debug|x86.ActiveCfg = Debug|Any CPU
		{7D65CF12-115E-47F5-97ED-69DDC2D21F67}.Debug|x86.Build.0 = Debug|Any CPU
		{7D65CF12-115E-47F5-97ED-69DDC2D21F67}.Release|Any CPU.ActiveCfg = Release|Any CPU
		{7D65CF12-115E-47F5-97ED-69DDC2D21F67}.Release|Any CPU.Build.0 = Release|Any CPU
		{7D65CF12-115E-47F5-97ED-69DDC2D21F67}.Release|x64.ActiveCfg = Release|Any CPU
		{7D65CF12-115E-47F5-97ED-69DDC2D21F67}.Release|x64.Build.0 = Release|Any CPU
		{7D65CF12-115E-47F5-97ED-69DDC2D21F67}.Release|x86.ActiveCfg = Release|Any CPU
		{7D65CF12-115E-47F5-97ED-69DDC2D21F67}.Release|x86.Build.0 = Release|Any CPU
		{BEE4631D-7941-473D-A875-39803B29C919}.Debug|Any CPU.ActiveCfg = Debug|Any CPU
		{BEE4631D-7941-473D-A875-39803B29C919}.Debug|Any CPU.Build.0 = Debug|Any CPU
		{BEE4631D-7941-473D-A875-39803B29C919}.Debug|x64.ActiveCfg = Debug|Any CPU
		{BEE4631D-7941-473D-A875-39803B29C919}.Debug|x64.Build.0 = Debug|Any CPU
		{BEE4631D-7941-473D-A875-39803B29C919}.Debug|x86.ActiveCfg = Debug|Any CPU
		{BEE4631D-7941-473D-A875-39803B29C919}.Debug|x86.Build.0 = Debug|Any CPU
		{BEE4631D-7941-473D-A875-39803B29C919}.Release|Any CPU.ActiveCfg = Release|Any CPU
		{BEE4631D-7941-473D-A875-39803B29C919}.Release|Any CPU.Build.0 = Release|Any CPU
		{BEE4631D-7941-473D-A875-39803B29C919}.Release|x64.ActiveCfg = Release|Any CPU
		{BEE4631D-7941-473D-A875-39803B29C919}.Release|x64.Build.0 = Release|Any CPU
		{BEE4631D-7941-473D-A875-39803B29C919}.Release|x86.ActiveCfg = Release|Any CPU
		{BEE4631D-7941-473D-A875-39803B29C919}.Release|x86.Build.0 = Release|Any CPU
		{46B0501D-5764-4BAF-B202-E88E730DD4FA}.Debug|Any CPU.ActiveCfg = Debug|Any CPU
		{46B0501D-5764-4BAF-B202-E88E730DD4FA}.Debug|Any CPU.Build.0 = Debug|Any CPU
		{46B0501D-5764-4BAF-B202-E88E730DD4FA}.Debug|x64.ActiveCfg = Debug|Any CPU
		{46B0501D-5764-4BAF-B202-E88E730DD4FA}.Debug|x64.Build.0 = Debug|Any CPU
		{46B0501D-5764-4BAF-B202-E88E730DD4FA}.Debug|x86.ActiveCfg = Debug|Any CPU
		{46B0501D-5764-4BAF-B202-E88E730DD4FA}.Debug|x86.Build.0 = Debug|Any CPU
		{46B0501D-5764-4BAF-B202-E88E730DD4FA}.Release|Any CPU.ActiveCfg = Release|Any CPU
		{46B0501D-5764-4BAF-B202-E88E730DD4FA}.Release|Any CPU.Build.0 = Release|Any CPU
		{46B0501D-5764-4BAF-B202-E88E730DD4FA}.Release|x64.ActiveCfg = Release|Any CPU
		{46B0501D-5764-4BAF-B202-E88E730DD4FA}.Release|x64.Build.0 = Release|Any CPU
		{46B0501D-5764-4BAF-B202-E88E730DD4FA}.Release|x86.ActiveCfg = Release|Any CPU
		{46B0501D-5764-4BAF-B202-E88E730DD4FA}.Release|x86.Build.0 = Release|Any CPU
		{CC45EABE-E1C9-45BF-B943-37391911CA8D}.Debug|Any CPU.ActiveCfg = Debug|Any CPU
		{CC45EABE-E1C9-45BF-B943-37391911CA8D}.Debug|Any CPU.Build.0 = Debug|Any CPU
		{CC45EABE-E1C9-45BF-B943-37391911CA8D}.Debug|x64.ActiveCfg = Debug|Any CPU
		{CC45EABE-E1C9-45BF-B943-37391911CA8D}.Debug|x64.Build.0 = Debug|Any CPU
		{CC45EABE-E1C9-45BF-B943-37391911CA8D}.Debug|x86.ActiveCfg = Debug|Any CPU
		{CC45EABE-E1C9-45BF-B943-37391911CA8D}.Debug|x86.Build.0 = Debug|Any CPU
		{CC45EABE-E1C9-45BF-B943-37391911CA8D}.Release|Any CPU.ActiveCfg = Release|Any CPU
		{CC45EABE-E1C9-45BF-B943-37391911CA8D}.Release|Any CPU.Build.0 = Release|Any CPU
		{CC45EABE-E1C9-45BF-B943-37391911CA8D}.Release|x64.ActiveCfg = Release|Any CPU
		{CC45EABE-E1C9-45BF-B943-37391911CA8D}.Release|x64.Build.0 = Release|Any CPU
		{CC45EABE-E1C9-45BF-B943-37391911CA8D}.Release|x86.ActiveCfg = Release|Any CPU
		{CC45EABE-E1C9-45BF-B943-37391911CA8D}.Release|x86.Build.0 = Release|Any CPU
		{E2D78FF7-A0E2-409A-A3D4-B45A82E78143}.Debug|Any CPU.ActiveCfg = Debug|Any CPU
		{E2D78FF7-A0E2-409A-A3D4-B45A82E78143}.Debug|Any CPU.Build.0 = Debug|Any CPU
		{E2D78FF7-A0E2-409A-A3D4-B45A82E78143}.Debug|x64.ActiveCfg = Debug|Any CPU
		{E2D78FF7-A0E2-409A-A3D4-B45A82E78143}.Debug|x64.Build.0 = Debug|Any CPU
		{E2D78FF7-A0E2-409A-A3D4-B45A82E78143}.Debug|x86.ActiveCfg = Debug|Any CPU
		{E2D78FF7-A0E2-409A-A3D4-B45A82E78143}.Debug|x86.Build.0 = Debug|Any CPU
		{E2D78FF7-A0E2-409A-A3D4-B45A82E78143}.Release|Any CPU.ActiveCfg = Release|Any CPU
		{E2D78FF7-A0E2-409A-A3D4-B45A82E78143}.Release|Any CPU.Build.0 = Release|Any CPU
		{E2D78FF7-A0E2-409A-A3D4-B45A82E78143}.Release|x64.ActiveCfg = Release|Any CPU
		{E2D78FF7-A0E2-409A-A3D4-B45A82E78143}.Release|x64.Build.0 = Release|Any CPU
		{E2D78FF7-A0E2-409A-A3D4-B45A82E78143}.Release|x86.ActiveCfg = Release|Any CPU
		{E2D78FF7-A0E2-409A-A3D4-B45A82E78143}.Release|x86.Build.0 = Release|Any CPU
		{3A218EAB-A48F-4FA2-B448-565636179E87}.Debug|Any CPU.ActiveCfg = Debug|Any CPU
		{3A218EAB-A48F-4FA2-B448-565636179E87}.Debug|Any CPU.Build.0 = Debug|Any CPU
		{3A218EAB-A48F-4FA2-B448-565636179E87}.Debug|x64.ActiveCfg = Debug|Any CPU
		{3A218EAB-A48F-4FA2-B448-565636179E87}.Debug|x64.Build.0 = Debug|Any CPU
		{3A218EAB-A48F-4FA2-B448-565636179E87}.Debug|x86.ActiveCfg = Debug|Any CPU
		{3A218EAB-A48F-4FA2-B448-565636179E87}.Debug|x86.Build.0 = Debug|Any CPU
		{3A218EAB-A48F-4FA2-B448-565636179E87}.Release|Any CPU.ActiveCfg = Release|Any CPU
		{3A218EAB-A48F-4FA2-B448-565636179E87}.Release|Any CPU.Build.0 = Release|Any CPU
		{3A218EAB-A48F-4FA2-B448-565636179E87}.Release|x64.ActiveCfg = Release|Any CPU
		{3A218EAB-A48F-4FA2-B448-565636179E87}.Release|x64.Build.0 = Release|Any CPU
		{3A218EAB-A48F-4FA2-B448-565636179E87}.Release|x86.ActiveCfg = Release|Any CPU
		{3A218EAB-A48F-4FA2-B448-565636179E87}.Release|x86.Build.0 = Release|Any CPU
		{DCBBBE77-0AEC-4121-9257-B021B80E0D36}.Debug|Any CPU.ActiveCfg = Debug|Any CPU
		{DCBBBE77-0AEC-4121-9257-B021B80E0D36}.Debug|Any CPU.Build.0 = Debug|Any CPU
		{DCBBBE77-0AEC-4121-9257-B021B80E0D36}.Debug|x64.ActiveCfg = Debug|Any CPU
		{DCBBBE77-0AEC-4121-9257-B021B80E0D36}.Debug|x64.Build.0 = Debug|Any CPU
		{DCBBBE77-0AEC-4121-9257-B021B80E0D36}.Debug|x86.ActiveCfg = Debug|Any CPU
		{DCBBBE77-0AEC-4121-9257-B021B80E0D36}.Debug|x86.Build.0 = Debug|Any CPU
		{DCBBBE77-0AEC-4121-9257-B021B80E0D36}.Release|Any CPU.ActiveCfg = Release|Any CPU
		{DCBBBE77-0AEC-4121-9257-B021B80E0D36}.Release|Any CPU.Build.0 = Release|Any CPU
		{DCBBBE77-0AEC-4121-9257-B021B80E0D36}.Release|x64.ActiveCfg = Release|Any CPU
		{DCBBBE77-0AEC-4121-9257-B021B80E0D36}.Release|x64.Build.0 = Release|Any CPU
		{DCBBBE77-0AEC-4121-9257-B021B80E0D36}.Release|x86.ActiveCfg = Release|Any CPU
		{DCBBBE77-0AEC-4121-9257-B021B80E0D36}.Release|x86.Build.0 = Release|Any CPU
		{D77F297B-BE8F-457A-8DF4-4A44AE58197D}.Debug|Any CPU.ActiveCfg = Debug|Any CPU
		{D77F297B-BE8F-457A-8DF4-4A44AE58197D}.Debug|Any CPU.Build.0 = Debug|Any CPU
		{D77F297B-BE8F-457A-8DF4-4A44AE58197D}.Debug|x64.ActiveCfg = Debug|Any CPU
		{D77F297B-BE8F-457A-8DF4-4A44AE58197D}.Debug|x64.Build.0 = Debug|Any CPU
		{D77F297B-BE8F-457A-8DF4-4A44AE58197D}.Debug|x86.ActiveCfg = Debug|Any CPU
		{D77F297B-BE8F-457A-8DF4-4A44AE58197D}.Debug|x86.Build.0 = Debug|Any CPU
		{D77F297B-BE8F-457A-8DF4-4A44AE58197D}.Release|Any CPU.ActiveCfg = Release|Any CPU
		{D77F297B-BE8F-457A-8DF4-4A44AE58197D}.Release|Any CPU.Build.0 = Release|Any CPU
		{D77F297B-BE8F-457A-8DF4-4A44AE58197D}.Release|x64.ActiveCfg = Release|Any CPU
		{D77F297B-BE8F-457A-8DF4-4A44AE58197D}.Release|x64.Build.0 = Release|Any CPU
		{D77F297B-BE8F-457A-8DF4-4A44AE58197D}.Release|x86.ActiveCfg = Release|Any CPU
		{D77F297B-BE8F-457A-8DF4-4A44AE58197D}.Release|x86.Build.0 = Release|Any CPU
		{CE6DB80D-B20A-4AFB-9F17-F17E5B308759}.Debug|Any CPU.ActiveCfg = Debug|Any CPU
		{CE6DB80D-B20A-4AFB-9F17-F17E5B308759}.Debug|Any CPU.Build.0 = Debug|Any CPU
		{CE6DB80D-B20A-4AFB-9F17-F17E5B308759}.Debug|x64.ActiveCfg = Debug|Any CPU
		{CE6DB80D-B20A-4AFB-9F17-F17E5B308759}.Debug|x64.Build.0 = Debug|Any CPU
		{CE6DB80D-B20A-4AFB-9F17-F17E5B308759}.Debug|x86.ActiveCfg = Debug|Any CPU
		{CE6DB80D-B20A-4AFB-9F17-F17E5B308759}.Debug|x86.Build.0 = Debug|Any CPU
		{CE6DB80D-B20A-4AFB-9F17-F17E5B308759}.Release|Any CPU.ActiveCfg = Release|Any CPU
		{CE6DB80D-B20A-4AFB-9F17-F17E5B308759}.Release|Any CPU.Build.0 = Release|Any CPU
		{CE6DB80D-B20A-4AFB-9F17-F17E5B308759}.Release|x64.ActiveCfg = Release|Any CPU
		{CE6DB80D-B20A-4AFB-9F17-F17E5B308759}.Release|x64.Build.0 = Release|Any CPU
		{CE6DB80D-B20A-4AFB-9F17-F17E5B308759}.Release|x86.ActiveCfg = Release|Any CPU
		{CE6DB80D-B20A-4AFB-9F17-F17E5B308759}.Release|x86.Build.0 = Release|Any CPU
	EndGlobalSection
	GlobalSection(SolutionProperties) = preSolution
		HideSolutionNode = FALSE
	EndGlobalSection
	GlobalSection(NestedProjects) = preSolution
		{8DBB3956-D3D7-4B99-9B68-4F6CA6817782} = {5DE9C2A8-8484-4222-A327-40E8C29C793B}
		{40ABA3F8-E307-4073-96FC-70ED7C417582} = {5DE9C2A8-8484-4222-A327-40E8C29C793B}
		{15A10270-A88B-45A7-84FA-E7031E18F284} = {5DE9C2A8-8484-4222-A327-40E8C29C793B}
		{AF1C12B2-CADD-44F7-9AC8-0E652CF51150} = {5DE9C2A8-8484-4222-A327-40E8C29C793B}
		{B7AA995F-30E6-429B-8E2C-0F3BC590E168} = {5DE9C2A8-8484-4222-A327-40E8C29C793B}
		{7D65CF12-115E-47F5-97ED-69DDC2D21F67} = {5DE9C2A8-8484-4222-A327-40E8C29C793B}
		{BEE4631D-7941-473D-A875-39803B29C919} = {5DE9C2A8-8484-4222-A327-40E8C29C793B}
		{46B0501D-5764-4BAF-B202-E88E730DD4FA} = {5DE9C2A8-8484-4222-A327-40E8C29C793B}
		{CC45EABE-E1C9-45BF-B943-37391911CA8D} = {5DE9C2A8-8484-4222-A327-40E8C29C793B}
		{E2D78FF7-A0E2-409A-A3D4-B45A82E78143} = {5DE9C2A8-8484-4222-A327-40E8C29C793B}
		{3A218EAB-A48F-4FA2-B448-565636179E87} = {5DE9C2A8-8484-4222-A327-40E8C29C793B}
		{DCBBBE77-0AEC-4121-9257-B021B80E0D36} = {5DE9C2A8-8484-4222-A327-40E8C29C793B}
		{D77F297B-BE8F-457A-8DF4-4A44AE58197D} = {5DE9C2A8-8484-4222-A327-40E8C29C793B}
		{CE6DB80D-B20A-4AFB-9F17-F17E5B308759} = {5DE9C2A8-8484-4222-A327-40E8C29C793B}
	EndGlobalSection
	GlobalSection(ExtensibilityGlobals) = postSolution
		SolutionGuid = {5A9CDDA3-C344-401C-8017-8AE793E1F7E4}
	EndGlobalSection
EndGlobal
